{
  "name": "scripts",
  "lockfileVersion": 3,
  "requires": true,
  "packages": {
    "": {
      "dependencies": {
        "screeps-profiler": "^3.0.0"
      }
    },
    "node_modules/screeps-profiler": {
      "version": "3.0.0",
      "resolved": "https://registry.npmjs.org/screeps-profiler/-/screeps-profiler-3.0.0.tgz",
      "integrity": "sha512-wIXkRvRbz+1utWY/RysmvpOT7kvV5CpMwknpGDx2UKiL8G5SIp7K2LsOtNb+EeIxPrrvNfpHN6BAkcgJKZT1qQ==",
      "license": "ISC"
    }
  }
}
